
Microsoft Visual Studio Solution File, Format Version 12.00
# Visual Studio 15
VisualStudioVersion = 15.0.27130.2020
MinimumVisualStudioVersion = 10.0.40219.1
Project("{FAE04EC0-301F-11D3-BF4B-00C04F79EFBC}") = "IvyFEMProtoApp", "IvyFEMProtoApp\IvyFEMProtoApp.csproj", "{9EA9C0BF-CFB9-4A46-A553-B2D156DA62E0}"
EndProject
Global
	GlobalSection(SolutionConfigurationPlatforms) = preSolution
		Debug|Any CPU = Debug|Any CPU
		Release|Any CPU = Release|Any CPU
	EndGlobalSection
	GlobalSection(ProjectConfigurationPlatforms) = postSolution
		{9EA9C0BF-CFB9-4A46-A553-B2D156DA62E0}.Debug|Any CPU.ActiveCfg = Debug|Any CPU
		{9EA9C0BF-CFB9-4A46-A553-B2D156DA62E0}.Debug|Any CPU.Build.0 = Debug|Any CPU
		{9EA9C0BF-CFB9-4A46-A553-B2D156DA62E0}.Release|Any CPU.ActiveCfg = Release|Any CPU
		{9EA9C0BF-CFB9-4A46-A553-B2D156DA62E0}.Release|Any CPU.Build.0 = Release|Any CPU
	EndGlobalSection
	GlobalSection(SolutionProperties) = preSolution
		HideSolutionNode = FALSE
	EndGlobalSection
	GlobalSection(ExtensibilityGlobals) = postSolution
		SolutionGuid = {85E8F042-7D2F-42E0-A224-AA8EEE43465E}
	EndGlobalSection
EndGlobal
